
Microsoft Visual Studio Solution File, Format Version 12.00
# Visual Studio Version 17
VisualStudioVersion = 17.4.33103.184
MinimumVisualStudioVersion = 10.0.40219.1
Project("{FAE04EC0-301F-11D3-BF4B-00C04F79EFBC}") = "AdvancedWebApi", "AdvancedWebApi\AdvancedWebApi.csproj", "{79031E5C-B777-4536-8D58-17114D949FE9}"
EndProject
Global
	GlobalSection(SolutionConfigurationPlatforms) = preSolution
		Debug|Any CPU = Debug|Any CPU
		Release|Any CPU = Release|Any CPU
	EndGlobalSection
	GlobalSection(ProjectConfigurationPlatforms) = postSolution
		{79031E5C-B777-4536-8D58-17114D949FE9}.Debug|Any CPU.ActiveCfg = Debug|Any CPU
		{79031E5C-B777-4536-8D58-17114D949FE9}.Debug|Any CPU.Build.0 = Debug|Any CPU
		{79031E5C-B777-4536-8D58-17114D949FE9}.Release|Any CPU.ActiveCfg = Release|Any CPU
		{79031E5C-B777-4536-8D58-17114D949FE9}.Release|Any CPU.Build.0 = Release|Any CPU
	EndGlobalSection
	GlobalSection(SolutionProperties) = preSolution
		HideSolutionNode = FALSE
	EndGlobalSection
	GlobalSection(ExtensibilityGlobals) = postSolution
		SolutionGuid = {EF8BCD2D-6820-4FA8-94FC-8B2A7C5857F1}
	EndGlobalSection
EndGlobal
